{
  "name": "nodejs",
  "lockfileVersion": 2,
  "requires": true,
  "packages": {
    "": {
      "dependencies": {
        "pka": "^1.0.0",
        "ws": "^8.13.0"
      }
    },
    "node_modules/pka": {
      "version": "1.0.0",
      "resolved": "https://registry.npmjs.org/pka/-/pka-1.0.0.tgz",
      "integrity": "sha512-R0CGLmKHyfT6rg7VPqW+zg8xgyTqoiUsN/r9Bo37MFvU7xGXHNlYVWTzKWuqQhGZlwv83u3hZyRHVQxLaBR43A=="
    },
    "node_modules/ws": {
      "version": "8.13.0",
      "resolved": "https://registry.npmjs.org/ws/-/ws-8.13.0.tgz",
      "integrity": "sha512-x9vcZYTrFPC7aSIbj7sRCYo7L/Xb8Iy+pW0ng0wt2vCJv7M9HOMy0UoN3rr+IFC7hb7vXoqS+P9ktyLLLhO+LA==",
      "engines": {
        "node": ">=10.0.0"
      },
      "peerDependencies": {
        "bufferutil": "^4.0.1",
        "utf-8-validate": ">=5.0.2"
      },
      "peerDependenciesMeta": {
        "bufferutil": {
          "optional": true
        },
        "utf-8-validate": {
          "optional": true
        }
      }
    }
  },
  "dependencies": {
    "pka": {
      "version": "1.0.0",
      "resolved": "https://registry.npmjs.org/pka/-/pka-1.0.0.tgz",
      "integrity": "sha512-R0CGLmKHyfT6rg7VPqW+zg8xgyTqoiUsN/r9Bo37MFvU7xGXHNlYVWTzKWuqQhGZlwv83u3hZyRHVQxLaBR43A=="
    },
    "ws": {
      "version": "8.13.0",
      "resolved": "https://registry.npmjs.org/ws/-/ws-8.13.0.tgz",
      "integrity": "sha512-x9vcZYTrFPC7aSIbj7sRCYo7L/Xb8Iy+pW0ng0wt2vCJv7M9HOMy0UoN3rr+IFC7hb7vXoqS+P9ktyLLLhO+LA==",
      "requires": {}
    }
  }
}
